<?xml version="1.0" encoding="utf-8"?>
<Project ToolsVersion="4.0" xmlns="http://schemas.microsoft.com/developer/msbuild/2003">
  <ItemGroup>
    <Filter Include="Engine">
      <UniqueIdentifier>{DBC7D3B0-C769-FE86-B024-12DB9C6585D7}</UniqueIdentifier>
    </Filter>
    <Filter Include="Engine\Core">
      <UniqueIdentifier>{130D9B61-7FC2-1357-08B7-0D2E746B0A5B}</UniqueIdentifier>
    </Filter>
    <Filter Include="Engine\Core\Logger">
      <UniqueIdentifier>{824F39E1-6E33-FA36-D793-F489C396E4B8}</UniqueIdentifier>
    </Filter>
    <Filter Include="Engine\Core\OpenGL">
      <UniqueIdentifier>{E7E249E8-D3C6-0A3E-3C27-0591282AF5BF}</UniqueIdentifier>
    </Filter>
    <Filter Include="Engine\EventSystem">
      <UniqueIdentifier>{11AEBD3C-FD91-7E92-66F2-78E552F56814}</UniqueIdentifier>
    </Filter>
    <Filter Include="Engine\EventSystem\EventImplementations">
      <UniqueIdentifier>{1B00964F-878F-573A-908B-3852FC999246}</UniqueIdentifier>
    </Filter>
    <Filter Include="Engine\FileSystem">
      <UniqueIdentifier>{0F2B98E7-7B41-967D-C4B8-219F300E6705}</UniqueIdentifier>
    </Filter>
    <Filter Include="Engine\Renderer">
      <UniqueIdentifier>{E1119970-4D9D-0635-56AE-8929C2B86235}</UniqueIdentifier>
    </Filter>
    <Filter Include="Engine\Renderer\Shader">
      <UniqueIdentifier>{673A969A-5334-BFEC-3CA1-55FD283A2559}</UniqueIdentifier>
    </Filter>
    <Filter Include="Engine\ResourceManager">
      <UniqueIdentifier>{ED06C9D5-D900-F227-C26D-8838AE065894}</UniqueIdentifier>
    </Filter>
  </ItemGroup>
  <ItemGroup>
    <ClInclude Include="src\Engine\Core\Application.h">
      <Filter>Engine\Core</Filter>
    </ClInclude>
    <ClInclude Include="src\Engine\Core\Assert.h">
      <Filter>Engine\Core</Filter>
    </ClInclude>
    <ClInclude Include="src\Engine\Core\Core.h">
      <Filter>Engine\Core</Filter>
    </ClInclude>
    <ClInclude Include="src\Engine\Core\Logger\Logger.h">
      <Filter>Engine\Core\Logger</Filter>
    </ClInclude>
    <ClInclude Include="src\Engine\Core\OpenGL\OpenGLContext.h">
      <Filter>Engine\Core\OpenGL</Filter>
    </ClInclude>
    <ClInclude Include="src\Engine\Core\OpenGL\OpenGLObject.h">
      <Filter>Engine\Core\OpenGL</Filter>
    </ClInclude>
    <ClInclude Include="src\Engine\Core\OpenGL\VertexArray.h">
      <Filter>Engine\Core\OpenGL</Filter>
    </ClInclude>
    <ClInclude Include="src\Engine\Core\OpenGL\VertexBuffer.h">
      <Filter>Engine\Core\OpenGL</Filter>
    </ClInclude>
    <ClInclude Include="src\Engine\Core\Timer.h">
      <Filter>Engine\Core</Filter>
    </ClInclude>
    <ClInclude Include="src\Engine\Core\Utilities.h">
      <Filter>Engine\Core</Filter>
    </ClInclude>
    <ClInclude Include="src\Engine\Core\Window.h">
      <Filter>Engine\Core</Filter>
    </ClInclude>
    <ClInclude Include="src\Engine\EventSystem\EventImplementations\WindowCloseEvent.h">
      <Filter>Engine\EventSystem\EventImplementations</Filter>
    </ClInclude>
    <ClInclude Include="src\Engine\EventSystem\EventSystem.h">
      <Filter>Engine\EventSystem</Filter>
    </ClInclude>
    <ClInclude Include="src\Engine\EventSystem\EventType.h">
      <Filter>Engine\EventSystem</Filter>
    </ClInclude>
    <ClInclude Include="src\Engine\FileSystem\FileSystem.h">
      <Filter>Engine\FileSystem</Filter>
    </ClInclude>
    <ClInclude Include="src\Engine\Renderer\Renderer2D.h">
      <Filter>Engine\Renderer</Filter>
    </ClInclude>
    <ClInclude Include="src\Engine\Renderer\Shader\Shader.h">
      <Filter>Engine\Renderer\Shader</Filter>
    </ClInclude>
    <ClInclude Include="src\Engine\Renderer\Texture2D.h">
      <Filter>Engine\Renderer</Filter>
    </ClInclude>
    <ClInclude Include="src\Engine\ResourceManager\ResourceManager.h">
      <Filter>Engine\ResourceManager</Filter>
    </ClInclude>
    <ClInclude Include="src\wccpch.h" />
  </ItemGroup>
  <ItemGroup>
    <ClCompile Include="src\Engine\Core\Application.cpp">
      <Filter>Engine\Core</Filter>
    </ClCompile>
    <ClCompile Include="src\Engine\Core\Logger\Logger.cpp">
      <Filter>Engine\Core\Logger</Filter>
    </ClCompile>
    <ClCompile Include="src\Engine\Core\OpenGL\OpenGLContext.cpp">
      <Filter>Engine\Core\OpenGL</Filter>
    </ClCompile>
    <ClCompile Include="src\Engine\Core\OpenGL\OpenGLObject.cpp">
      <Filter>Engine\Core\OpenGL</Filter>
    </ClCompile>
    <ClCompile Include="src\Engine\Core\OpenGL\VertexArray.cpp">
      <Filter>Engine\Core\OpenGL</Filter>
    </ClCompile>
    <ClCompile Include="src\Engine\Core\OpenGL\VertexBuffer.cpp">
      <Filter>Engine\Core\OpenGL</Filter>
    </ClCompile>
    <ClCompile Include="src\Engine\Core\Timer.cpp">
      <Filter>Engine\Core</Filter>
    </ClCompile>
    <ClCompile Include="src\Engine\Core\Utilities.cpp">
      <Filter>Engine\Core</Filter>
    </ClCompile>
    <ClCompile Include="src\Engine\Core\Window.cpp">
      <Filter>Engine\Core</Filter>
    </ClCompile>
    <ClCompile Include="src\Engine\EventSystem\EventImplementations\WindowCloseEvent.cpp">
      <Filter>Engine\EventSystem\EventImplementations</Filter>
    </ClCompile>
    <ClCompile Include="src\Engine\EventSystem\EventSystem.cpp">
      <Filter>Engine\EventSystem</Filter>
    </ClCompile>
    <ClCompile Include="src\Engine\FileSystem\FileSystem.cpp">
      <Filter>Engine\FileSystem</Filter>
    </ClCompile>
    <ClCompile Include="src\Engine\Renderer\Renderer2D.cpp">
      <Filter>Engine\Renderer</Filter>
    </ClCompile>
    <ClCompile Include="src\Engine\Renderer\Shader\Shader.cpp">
      <Filter>Engine\Renderer\Shader</Filter>
    </ClCompile>
    <ClCompile Include="src\Engine\Renderer\Texture2D.cpp">
      <Filter>Engine\Renderer</Filter>
    </ClCompile>
    <ClCompile Include="src\Engine\ResourceManager\ResourceManager.cpp">
      <Filter>Engine\ResourceManager</Filter>
    </ClCompile>
    <ClCompile Include="src\wccpch.cpp" />
  </ItemGroup>
</Project>